
Microsoft Visual Studio Solution File, Format Version 12.00
# Visual Studio Version 17
VisualStudioVersion = 17.4.33205.214
MinimumVisualStudioVersion = 10.0.40219.1
Project("{FAE04EC0-301F-11D3-BF4B-00C04F79EFBC}") = "GUI_App", "GUI_App\GUI_App.csproj", "{5CD09D78-1E6C-46C9-818F-2409610201D6}"
EndProject
Global
	GlobalSection(SolutionConfigurationPlatforms) = preSolution
		Debug|Any CPU = Debug|Any CPU
		Release|Any CPU = Release|Any CPU
	EndGlobalSection
	GlobalSection(ProjectConfigurationPlatforms) = postSolution
		{5CD09D78-1E6C-46C9-818F-2409610201D6}.Debug|Any CPU.ActiveCfg = Debug|Any CPU
		{5CD09D78-1E6C-46C9-818F-2409610201D6}.Debug|Any CPU.Build.0 = Debug|Any CPU
		{5CD09D78-1E6C-46C9-818F-2409610201D6}.Release|Any CPU.ActiveCfg = Release|Any CPU
		{5CD09D78-1E6C-46C9-818F-2409610201D6}.Release|Any CPU.Build.0 = Release|Any CPU
	EndGlobalSection
	GlobalSection(SolutionProperties) = preSolution
		HideSolutionNode = FALSE
	EndGlobalSection
	GlobalSection(ExtensibilityGlobals) = postSolution
		SolutionGuid = {BB10CD9F-64E3-4346-9F73-F2347EB70D35}
	EndGlobalSection
EndGlobal
